# This file is automatically @generated by Cargo.
# It is not intended for manual editing.
version = 3

[[package]]
name = "ev3-rust"
version = "0.1.0"
dependencies = [
 "ev3dev-lang-rust",
]

[[package]]
name = "ev3dev-lang-rust"
version = "0.15.0"
source = "registry+https://github.com/rust-lang/crates.io-index"
checksum = "0088914fd2f07b0cc5bbb4a7d9864ade741cbd4b6ea7e545f46b717a82fdf827"
dependencies = [
 "ev3dev-lang-rust-derive",
 "libc",
 "paste",
]

[[package]]
name = "ev3dev-lang-rust-derive"
version = "0.10.0"
source = "registry+https://github.com/rust-lang/crates.io-index"
checksum = "ddd7a95543e9418e8ad0b08b6a2a47a1c33d260c97b5a056fbf8b0fdb648e9a6"
dependencies = [
 "proc-macro2",
 "quote",
 "syn",
]

[[package]]
name = "libc"
version = "0.2.173"
source = "registry+https://github.com/rust-lang/crates.io-index"
checksum = "d8cfeafaffdbc32176b64fb251369d52ea9f0a8fbc6f8759edffef7b525d64bb"

[[package]]
name = "paste"
version = "1.0.15"
source = "registry+https://github.com/rust-lang/crates.io-index"
checksum = "57c0d7b74b563b49d38dae00a0c37d4d6de9b432382b2892f0574ddcae73fd0a"

[[package]]
name = "proc-macro2"
version = "1.0.95"
source = "registry+https://github.com/rust-lang/crates.io-index"
checksum = "02b3e5e68a3a1a02aad3ec490a98007cbc13c37cbe84a3cd7b8e406d76e7f778"
dependencies = [
 "unicode-ident",
]

[[package]]
name = "quote"
version = "1.0.40"
source = "registry+https://github.com/rust-lang/crates.io-index"
checksum = "1885c039570dc00dcb4ff087a89e185fd56bae234ddc7f056a945bf36467248d"
dependencies = [
 "proc-macro2",
]

[[package]]
name = "syn"
version = "1.0.109"
source = "registry+https://github.com/rust-lang/crates.io-index"
checksum = "72b64191b275b66ffe2469e8af2c1cfe3bafa67b529ead792a6d0160888b4237"
dependencies = [
 "proc-macro2",
 "quote",
 "unicode-ident",
]

[[package]]
name = "unicode-ident"
version = "1.0.18"
source = "registry+https://github.com/rust-lang/crates.io-index"
checksum = "5a5f39404a5da50712a4c1eecf25e90dd62b613502b7e925fd4e4d19b5c96512"
